// !$*UTF8*$!
{
	archiveVersion = 1;
	classes = {
	};
	objectVersion = 55;
	objects = {

/* Begin PBXBuildFile section */
		B608995128CFF763005489B0 /* Greeting_AppApp.swift in Sources */ = {isa = PBXBuildFile; fileRef = B608995028CFF763005489B0 /* Greeting_AppApp.swift */; };
		B608995328CFF763005489B0 /* ContentView.swift in Sources */ = {isa = PBXBuildFile; fileRef = B608995228CFF763005489B0 /* ContentView.swift */; };
		B608995528CFF766005489B0 /* Assets.xcassets in Resources */ = {isa = PBXBuildFile; fileRef = B608995428CFF766005489B0 /* Assets.xcassets */; };
		B608995828CFF766005489B0 /* Preview Assets.xcassets in Resources */ = {isa = PBXBuildFile; fileRef = B608995728CFF766005489B0 /* Preview Assets.xcassets */; };
		B608996228CFF766005489B0 /* Greeting_AppTests.swift in Sources */ = {isa = PBXBuildFile; fileRef = B608996128CFF766005489B0 /* Greeting_AppTests.swift */; };
		B608996C28CFF766005489B0 /* Greeting_AppUITests.swift in Sources */ = {isa = PBXBuildFile; fileRef = B608996B28CFF766005489B0 /* Greeting_AppUITests.swift */; };
		B608996E28CFF766005489B0 /* Greeting_AppUITestsLaunchTests.swift in Sources */ = {isa = PBXBuildFile; fileRef = B608996D28CFF766005489B0 /* Greeting_AppUITestsLaunchTests.swift */; };
/* End PBXBuildFile section */

/* Begin PBXContainerItemProxy section */
		B608995E28CFF766005489B0 /* PBXContainerItemProxy */ = {
			isa = PBXContainerItemProxy;
			containerPortal = B608994528CFF763005489B0 /* Project object */;
			proxyType = 1;
			remoteGlobalIDString = B608994C28CFF763005489B0;
			remoteInfo = "Greeting App";
		};
		B608996828CFF766005489B0 /* PBXContainerItemProxy */ = {
			isa = PBXContainerItemProxy;
			containerPortal = B608994528CFF763005489B0 /* Project object */;
			proxyType = 1;
			remoteGlobalIDString = B608994C28CFF763005489B0;
			remoteInfo = "Greeting App";
		};
/* End PBXContainerItemProxy section */

/* Begin PBXFileReference section */
		B608994D28CFF763005489B0 /* Greeting App.app */ = {isa = PBXFileReference; explicitFileType = wrapper.application; includeInIndex = 0; path = "Greeting App.app"; sourceTree = BUILT_PRODUCTS_DIR; };
		B608995028CFF763005489B0 /* Greeting_AppApp.swift */ = {isa = PBXFileReference; lastKnownFileType = sourcecode.swift; path = Greeting_AppApp.swift; sourceTree = "<group>"; };
		B608995228CFF763005489B0 /* ContentView.swift */ = {isa = PBXFileReference; lastKnownFileType = sourcecode.swift; path = ContentView.swift; sourceTree = "<group>"; };
		B608995428CFF766005489B0 /* Assets.xcassets */ = {isa = PBXFileReference; lastKnownFileType = folder.assetcatalog; path = Assets.xcassets; sourceTree = "<group>"; };
		B608995728CFF766005489B0 /* Preview Assets.xcassets */ = {isa = PBXFileReference; lastKnownFileType = folder.assetcatalog; path = "Preview Assets.xcassets"; sourceTree = "<group>"; };
		B608995D28CFF766005489B0 /* Greeting AppTests.xctest */ = {isa = PBXFileReference; explicitFileType = wrapper.cfbundle; includeInIndex = 0; path = "Greeting AppTests.xctest"; sourceTree = BUILT_PRODUCTS_DIR; };
		B608996128CFF766005489B0 /* Greeting_AppTests.swift */ = {isa = PBXFileReference; lastKnownFileType = sourcecode.swift; path = Greeting_AppTests.swift; sourceTree = "<group>"; };
		B608996728CFF766005489B0 /* Greeting AppUITests.xctest */ = {isa = PBXFileReference; explicitFileType = wrapper.cfbundle; includeInIndex = 0; path = "Greeting AppUITests.xctest"; sourceTree = BUILT_PRODUCTS_DIR; };
		B608996B28CFF766005489B0 /* Greeting_AppUITests.swift */ = {isa = PBXFileReference; lastKnownFileType = sourcecode.swift; path = Greeting_AppUITests.swift; sourceTree = "<group>"; };
		B608996D28CFF766005489B0 /* Greeting_AppUITestsLaunchTests.swift */ = {isa = PBXFileReference; lastKnownFileType = sourcecode.swift; path = Greeting_AppUITestsLaunchTests.swift; sourceTree = "<group>"; };
/* End PBXFileReference section */

/* Begin PBXFrameworksBuildPhase section */
		B608994A28CFF763005489B0 /* Frameworks */ = {
			isa = PBXFrameworksBuildPhase;
			buildActionMask = 2147483647;
			files = (
			);
			runOnlyForDeploymentPostprocessing = 0;
		};
		B608995A28CFF766005489B0 /* Frameworks */ = {
			isa = PBXFrameworksBuildPhase;
			buildActionMask = 2147483647;
			files = (
			);
			runOnlyForDeploymentPostprocessing = 0;
		};
		B608996428CFF766005489B0 /* Frameworks */ = {
			isa = PBXFrameworksBuildPhase;
			buildActionMask = 2147483647;
			files = (
			);
			runOnlyForDeploymentPostprocessing = 0;
		};
/* End PBXFrameworksBuildPhase section */

/* Begin PBXGroup section */
		B608994428CFF763005489B0 = {
			isa = PBXGroup;
			children = (
				B608994F28CFF763005489B0 /* Greeting App */,
				B608996028CFF766005489B0 /* Greeting AppTests */,
				B608996A28CFF766005489B0 /* Greeting AppUITests */,
				B608994E28CFF763005489B0 /* Products */,
			);
			sourceTree = "<group>";
		};
		B608994E28CFF763005489B0 /* Products */ = {
			isa = PBXGroup;
			children = (
				B608994D28CFF763005489B0 /* Greeting App.app */,
				B608995D28CFF766005489B0 /* Greeting AppTests.xctest */,
				B608996728CFF766005489B0 /* Greeting AppUITests.xctest */,
			);
			name = Products;
			sourceTree = "<group>";
		};
		B608994F28CFF763005489B0 /* Greeting App */ = {
			isa = PBXGroup;
			children = (
				B608995028CFF763005489B0 /* Greeting_AppApp.swift */,
				B608995228CFF763005489B0 /* ContentView.swift */,
				B608995428CFF766005489B0 /* Assets.xcassets */,
				B608995628CFF766005489B0 /* Preview Content */,
			);
			path = "Greeting App";
			sourceTree = "<group>";
		};
		B608995628CFF766005489B0 /* Preview Content */ = {
			isa = PBXGroup;
			children = (
				B608995728CFF766005489B0 /* Preview Assets.xcassets */,
			);
			path = "Preview Content";
			sourceTree = "<group>";
		};
		B608996028CFF766005489B0 /* Greeting AppTests */ = {
			isa = PBXGroup;
			children = (
				B608996128CFF766005489B0 /* Greeting_AppTests.swift */,
			);
			path = "Greeting AppTests";
			sourceTree = "<group>";
		};
		B608996A28CFF766005489B0 /* Greeting AppUITests */ = {
			isa = PBXGroup;
			children = (
				B608996B28CFF766005489B0 /* Greeting_AppUITests.swift */,
				B608996D28CFF766005489B0 /* Greeting_AppUITestsLaunchTests.swift */,
			);
			path = "Greeting AppUITests";
			sourceTree = "<group>";
		};
/* End PBXGroup section */

/* Begin PBXNativeTarget section */
		B608994C28CFF763005489B0 /* Greeting App */ = {
			isa = PBXNativeTarget;
			buildConfigurationList = B608997128CFF766005489B0 /* Build configuration list for PBXNativeTarget "Greeting App" */;
			buildPhases = (
				B608994928CFF763005489B0 /* Sources */,
				B608994A28CFF763005489B0 /* Frameworks */,
				B608994B28CFF763005489B0 /* Resources */,
			);
			buildRules = (
			);
			dependencies = (
			);
			name = "Greeting App";
			productName = "Greeting App";
			productReference = B608994D28CFF763005489B0 /* Greeting App.app */;
			productType = "com.apple.product-type.application";
		};
		B608995C28CFF766005489B0 /* Greeting AppTests */ = {
			isa = PBXNativeTarget;
			buildConfigurationList = B608997428CFF766005489B0 /* Build configuration list for PBXNativeTarget "Greeting AppTests" */;
			buildPhases = (
				B608995928CFF766005489B0 /* Sources */,
				B608995A28CFF766005489B0 /* Frameworks */,
				B608995B28CFF766005489B0 /* Resources */,
			);
			buildRules = (
			);
			dependencies = (
				B608995F28CFF766005489B0 /* PBXTargetDependency */,
			);
			name = "Greeting AppTests";
			productName = "Greeting AppTests";
			productReference = B608995D28CFF766005489B0 /* Greeting AppTests.xctest */;
			productType = "com.apple.product-type.bundle.unit-test";
		};
		B608996628CFF766005489B0 /* Greeting AppUITests */ = {
			isa = PBXNativeTarget;
			buildConfigurationList = B608997728CFF766005489B0 /* Build configuration list for PBXNativeTarget "Greeting AppUITests" */;
			buildPhases = (
				B608996328CFF766005489B0 /* Sources */,
				B608996428CFF766005489B0 /* Frameworks */,
				B608996528CFF766005489B0 /* Resources */,
			);
			buildRules = (
			);
			dependencies = (
				B608996928CFF766005489B0 /* PBXTargetDependency */,
			);
			name = "Greeting AppUITests";
			productName = "Greeting AppUITests";
			productReference = B608996728CFF766005489B0 /* Greeting AppUITests.xctest */;
			productType = "com.apple.product-type.bundle.ui-testing";
		};
/* End PBXNativeTarget section */

/* Begin PBXProject section */
		B608994528CFF763005489B0 /* Project object */ = {
			isa = PBXProject;
			attributes = {
				BuildIndependentTargetsInParallel = 1;
				LastSwiftUpdateCheck = 1340;
				LastUpgradeCheck = 1340;
				TargetAttributes = {
					B608994C28CFF763005489B0 = {
						CreatedOnToolsVersion = 13.4.1;
					};
					B608995C28CFF766005489B0 = {
						CreatedOnToolsVersion = 13.4.1;
						TestTargetID = B608994C28CFF763005489B0;
					};
					B608996628CFF766005489B0 = {
						CreatedOnToolsVersion = 13.4.1;
						TestTargetID = B608994C28CFF763005489B0;
					};
				};
			};
			buildConfigurationList = B608994828CFF763005489B0 /* Build configuration list for PBXProject "Greeting App" */;
			compatibilityVersion = "Xcode 13.0";
			developmentRegion = en;
			hasScannedForEncodings = 0;
			knownRegions = (
				en,
				Base,
			);
			mainGroup = B608994428CFF763005489B0;
			productRefGroup = B608994E28CFF763005489B0 /* Products */;
			projectDirPath = "";
			projectRoot = "";
			targets = (
				B608994C28CFF763005489B0 /* Greeting App */,
				B608995C28CFF766005489B0 /* Greeting AppTests */,
				B608996628CFF766005489B0 /* Greeting AppUITests */,
			);
		};
/* End PBXProject section */

/* Begin PBXResourcesBuildPhase section */
		B608994B28CFF763005489B0 /* Resources */ = {
			isa = PBXResourcesBuildPhase;
			buildActionMask = 2147483647;
			files = (
				B608995828CFF766005489B0 /* Preview Assets.xcassets in Resources */,
				B608995528CFF766005489B0 /* Assets.xcassets in Resources */,
			);
			runOnlyForDeploymentPostprocessing = 0;
		};
		B608995B28CFF766005489B0 /* Resources */ = {
			isa = PBXResourcesBuildPhase;
			buildActionMask = 2147483647;
			files = (
			);
			runOnlyForDeploymentPostprocessing = 0;
		};
		B608996528CFF766005489B0 /* Resources */ = {
			isa = PBXResourcesBuildPhase;
			buildActionMask = 2147483647;
			files = (
			);
			runOnlyForDeploymentPostprocessing = 0;
		};
/* End PBXResourcesBuildPhase section */

/* Begin PBXSourcesBuildPhase section */
		B608994928CFF763005489B0 /* Sources */ = {
			isa = PBXSourcesBuildPhase;
			buildActionMask = 2147483647;
			files = (
				B608995328CFF763005489B0 /* ContentView.swift in Sources */,
				B608995128CFF763005489B0 /* Greeting_AppApp.swift in Sources */,
			);
			runOnlyForDeploymentPostprocessing = 0;
		};
		B608995928CFF766005489B0 /* Sources */ = {
			isa = PBXSourcesBuildPhase;
			buildActionMask = 2147483647;
			files = (
				B608996228CFF766005489B0 /* Greeting_AppTests.swift in Sources */,
			);
			runOnlyForDeploymentPostprocessing = 0;
		};
		B608996328CFF766005489B0 /* Sources */ = {
			isa = PBXSourcesBuildPhase;
			buildActionMask = 2147483647;
			files = (
				B608996C28CFF766005489B0 /* Greeting_AppUITests.swift in Sources */,
				B608996E28CFF766005489B0 /* Greeting_AppUITestsLaunchTests.swift in Sources */,
			);
			runOnlyForDeploymentPostprocessing = 0;
		};
/* End PBXSourcesBuildPhase section */

/* Begin PBXTargetDependency section */
		B608995F28CFF766005489B0 /* PBXTargetDependency */ = {
			isa = PBXTargetDependency;
			target = B608994C28CFF763005489B0 /* Greeting App */;
			targetProxy = B608995E28CFF766005489B0 /* PBXContainerItemProxy */;
		};
		B608996928CFF766005489B0 /* PBXTargetDependency */ = {
			isa = PBXTargetDependency;
			target = B608994C28CFF763005489B0 /* Greeting App */;
			targetProxy = B608996828CFF766005489B0 /* PBXContainerItemProxy */;
		};
/* End PBXTargetDependency section */

/* Begin XCBuildConfiguration section */
		B608996F28CFF766005489B0 /* Debug */ = {
			isa = XCBuildConfiguration;
			buildSettings = {
				ALWAYS_SEARCH_USER_PATHS = NO;
				CLANG_ANALYZER_NONNULL = YES;
				CLANG_ANALYZER_NUMBER_OBJECT_CONVERSION = YES_AGGRESSIVE;
				CLANG_CXX_LANGUAGE_STANDARD = "gnu++17";
				CLANG_ENABLE_MODULES = YES;
				CLANG_ENABLE_OBJC_ARC = YES;
				CLANG_ENABLE_OBJC_WEAK = YES;
				CLANG_WARN_BLOCK_CAPTURE_AUTORELEASING = YES;
				CLANG_WARN_BOOL_CONVERSION = YES;
				CLANG_WARN_COMMA = YES;
				CLANG_WARN_CONSTANT_CONVERSION = YES;
				CLANG_WARN_DEPRECATED_OBJC_IMPLEMENTATIONS = YES;
				CLANG_WARN_DIRECT_OBJC_ISA_USAGE = YES_ERROR;
				CLANG_WARN_DOCUMENTATION_COMMENTS = YES;
				CLANG_WARN_EMPTY_BODY = YES;
				CLANG_WARN_ENUM_CONVERSION = YES;
				CLANG_WARN_INFINITE_RECURSION = YES;
				CLANG_WARN_INT_CONVERSION = YES;
				CLANG_WARN_NON_LITERAL_NULL_CONVERSION = YES;
				CLANG_WARN_OBJC_IMPLICIT_RETAIN_SELF = YES;
				CLANG_WARN_OBJC_LITERAL_CONVERSION = YES;
				CLANG_WARN_OBJC_ROOT_CLASS = YES_ERROR;
				CLANG_WARN_QUOTED_INCLUDE_IN_FRAMEWORK_HEADER = YES;
				CLANG_WARN_RANGE_LOOP_ANALYSIS = YES;
				CLANG_WARN_STRICT_PROTOTYPES = YES;
				CLANG_WARN_SUSPICIOUS_MOVE = YES;
				CLANG_WARN_UNGUARDED_AVAILABILITY = YES_AGGRESSIVE;
				CLANG_WARN_UNREACHABLE_CODE = YES;
				CLANG_WARN__DUPLICATE_METHOD_MATCH = YES;
				COPY_PHASE_STRIP = NO;
				DEBUG_INFORMATION_FORMAT = dwarf;
				ENABLE_STRICT_OBJC_MSGSEND = YES;
				ENABLE_TESTABILITY = YES;
				GCC_C_LANGUAGE_STANDARD = gnu11;
				GCC_DYNAMIC_NO_PIC = NO;
				GCC_NO_COMMON_BLOCKS = YES;
				GCC_OPTIMIZATION_LEVEL = 0;
				GCC_PREPROCESSOR_DEFINITIONS = (
					"DEBUG=1",
					"$(inherited)",
				);
				GCC_WARN_64_TO_32_BIT_CONVERSION = YES;
				GCC_WARN_ABOUT_RETURN_TYPE = YES_ERROR;
				GCC_WARN_UNDECLARED_SELECTOR = YES;
				GCC_WARN_UNINITIALIZED_AUTOS = YES_AGGRESSIVE;
				GCC_WARN_UNUSED_FUNCTION = YES;
				GCC_WARN_UNUSED_VARIABLE = YES;
				IPHONEOS_DEPLOYMENT_TARGET = 15.5;
				MTL_ENABLE_DEBUG_INFO = INCLUDE_SOURCE;
				MTL_FAST_MATH = YES;
				ONLY_ACTIVE_ARCH = YES;
				SDKROOT = iphoneos;
				SWIFT_ACTIVE_COMPILATION_CONDITIONS = DEBUG;
				SWIFT_OPTIMIZATION_LEVEL = "-Onone";
			};
			name = Debug;
		};
		B608997028CFF766005489B0 /* Release */ = {
			isa = XCBuildConfiguration;
			buildSettings = {
				ALWAYS_SEARCH_USER_PATHS = NO;
				CLANG_ANALYZER_NONNULL = YES;
				CLANG_ANALYZER_NUMBER_OBJECT_CONVERSION = YES_AGGRESSIVE;
				CLANG_CXX_LANGUAGE_STANDARD = "gnu++17";
				CLANG_ENABLE_MODULES = YES;
				CLANG_ENABLE_OBJC_ARC = YES;
				CLANG_ENABLE_OBJC_WEAK = YES;
				CLANG_WARN_BLOCK_CAPTURE_AUTORELEASING = YES;
				CLANG_WARN_BOOL_CONVERSION = YES;
				CLANG_WARN_COMMA = YES;
				CLANG_WARN_CONSTANT_CONVERSION = YES;
				CLANG_WARN_DEPRECATED_OBJC_IMPLEMENTATIONS = YES;
				CLANG_WARN_DIRECT_OBJC_ISA_USAGE = YES_ERROR;
				CLANG_WARN_DOCUMENTATION_COMMENTS = YES;
				CLANG_WARN_EMPTY_BODY = YES;
				CLANG_WARN_ENUM_CONVERSION = YES;
				CLANG_WARN_INFINITE_RECURSION = YES;
				CLANG_WARN_INT_CONVERSION = YES;
				CLANG_WARN_NON_LITERAL_NULL_CONVERSION = YES;
				CLANG_WARN_OBJC_IMPLICIT_RETAIN_SELF = YES;
				CLANG_WARN_OBJC_LITERAL_CONVERSION = YES;
				CLANG_WARN_OBJC_ROOT_CLASS = YES_ERROR;
				CLANG_WARN_QUOTED_INCLUDE_IN_FRAMEWORK_HEADER = YES;
				CLANG_WARN_RANGE_LOOP_ANALYSIS = YES;
				CLANG_WARN_STRICT_PROTOTYPES = YES;
				CLANG_WARN_SUSPICIOUS_MOVE = YES;
				CLANG_WARN_UNGUARDED_AVAILABILITY = YES_AGGRESSIVE;
				CLANG_WARN_UNREACHABLE_CODE = YES;
				CLANG_WARN__DUPLICATE_METHOD_MATCH = YES;
				COPY_PHASE_STRIP = NO;
				DEBUG_INFORMATION_FORMAT = "dwarf-with-dsym";
				ENABLE_NS_ASSERTIONS = NO;
				ENABLE_STRICT_OBJC_MSGSEND = YES;
				GCC_C_LANGUAGE_STANDARD = gnu11;
				GCC_NO_COMMON_BLOCKS = YES;
				GCC_WARN_64_TO_32_BIT_CONVERSION = YES;
				GCC_WARN_ABOUT_RETURN_TYPE = YES_ERROR;
				GCC_WARN_UNDECLARED_SELECTOR = YES;
				GCC_WARN_UNINITIALIZED_AUTOS = YES_AGGRESSIVE;
				GCC_WARN_UNUSED_FUNCTION = YES;
				GCC_WARN_UNUSED_VARIABLE = YES;
				IPHONEOS_DEPLOYMENT_TARGET = 15.5;
				MTL_ENABLE_DEBUG_INFO = NO;
				MTL_FAST_MATH = YES;
				SDKROOT = iphoneos;
				SWIFT_COMPILATION_MODE = wholemodule;
				SWIFT_OPTIMIZATION_LEVEL = "-O";
				VALIDATE_PRODUCT = YES;
			};
			name = Release;
		};
		B608997228CFF766005489B0 /* Debug */ = {
			isa = XCBuildConfiguration;
			buildSettings = {
				ASSETCATALOG_COMPILER_APPICON_NAME = AppIcon;
				ASSETCATALOG_COMPILER_GLOBAL_ACCENT_COLOR_NAME = AccentColor;
				CODE_SIGN_STYLE = Automatic;
				CURRENT_PROJECT_VERSION = 1;
				DEVELOPMENT_ASSET_PATHS = "\"Greeting App/Preview Content\"";
				DEVELOPMENT_TEAM = Y9QJ22KDW7;
				ENABLE_PREVIEWS = YES;
				GENERATE_INFOPLIST_FILE = YES;
				INFOPLIST_KEY_UIApplicationSceneManifest_Generation = YES;
				INFOPLIST_KEY_UIApplicationSupportsIndirectInputEvents = YES;
				INFOPLIST_KEY_UILaunchScreen_Generation = YES;
				INFOPLIST_KEY_UISupportedInterfaceOrientations_iPad = "UIInterfaceOrientationPortrait UIInterfaceOrientationPortraitUpsideDown UIInterfaceOrientationLandscapeLeft UIInterfaceOrientationLandscapeRight";
				INFOPLIST_KEY_UISupportedInterfaceOrientations_iPhone = "UIInterfaceOrientationPortrait UIInterfaceOrientationLandscapeLeft UIInterfaceOrientationLandscapeRight";
				LD_RUNPATH_SEARCH_PATHS = (
					"$(inherited)",
					"@executable_path/Frameworks",
				);
				MARKETING_VERSION = 1.0;
				PRODUCT_BUNDLE_IDENTIFIER = "L.Greeting-App";
				PRODUCT_NAME = "$(TARGET_NAME)";
				SWIFT_EMIT_LOC_STRINGS = YES;
				SWIFT_VERSION = 5.0;
				TARGETED_DEVICE_FAMILY = "1,2";
			};
			name = Debug;
		};
		B608997328CFF766005489B0 /* Release */ = {
			isa = XCBuildConfiguration;
			buildSettings = {
				ASSETCATALOG_COMPILER_APPICON_NAME = AppIcon;
				ASSETCATALOG_COMPILER_GLOBAL_ACCENT_COLOR_NAME = AccentColor;
				CODE_SIGN_STYLE = Automatic;
				CURRENT_PROJECT_VERSION = 1;
				DEVELOPMENT_ASSET_PATHS = "\"Greeting App/Preview Content\"";
				DEVELOPMENT_TEAM = Y9QJ22KDW7;
				ENABLE_PREVIEWS = YES;
				GENERATE_INFOPLIST_FILE = YES;
				INFOPLIST_KEY_UIApplicationSceneManifest_Generation = YES;
				INFOPLIST_KEY_UIApplicationSupportsIndirectInputEvents = YES;
				INFOPLIST_KEY_UILaunchScreen_Generation = YES;
				INFOPLIST_KEY_UISupportedInterfaceOrientations_iPad = "UIInterfaceOrientationPortrait UIInterfaceOrientationPortraitUpsideDown UIInterfaceOrientationLandscapeLeft UIInterfaceOrientationLandscapeRight";
				INFOPLIST_KEY_UISupportedInterfaceOrientations_iPhone = "UIInterfaceOrientationPortrait UIInterfaceOrientationLandscapeLeft UIInterfaceOrientationLandscapeRight";
				LD_RUNPATH_SEARCH_PATHS = (
					"$(inherited)",
					"@executable_path/Frameworks",
				);
				MARKETING_VERSION = 1.0;
				PRODUCT_BUNDLE_IDENTIFIER = "L.Greeting-App";
				PRODUCT_NAME = "$(TARGET_NAME)";
				SWIFT_EMIT_LOC_STRINGS = YES;
				SWIFT_VERSION = 5.0;
				TARGETED_DEVICE_FAMILY = "1,2";
			};
			name = Release;
		};
		B608997528CFF766005489B0 /* Debug */ = {
			isa = XCBuildConfiguration;
			buildSettings = {
				ALWAYS_EMBED_SWIFT_STANDARD_LIBRARIES = YES;
				BUNDLE_LOADER = "$(TEST_HOST)";
				CODE_SIGN_STYLE = Automatic;
				CURRENT_PROJECT_VERSION = 1;
				DEVELOPMENT_TEAM = Y9QJ22KDW7;
				GENERATE_INFOPLIST_FILE = YES;
				IPHONEOS_DEPLOYMENT_TARGET = 15.5;
				MARKETING_VERSION = 1.0;
				PRODUCT_BUNDLE_IDENTIFIER = "L.Greeting-AppTests";
				PRODUCT_NAME = "$(TARGET_NAME)";
				SWIFT_EMIT_LOC_STRINGS = NO;
				SWIFT_VERSION = 5.0;
				TARGETED_DEVICE_FAMILY = "1,2";
				TEST_HOST = "$(BUILT_PRODUCTS_DIR)/Greeting App.app/Greeting App";
			};
			name = Debug;
		};
		B608997628CFF766005489B0 /* Release */ = {
			isa = XCBuildConfiguration;
			buildSettings = {
				ALWAYS_EMBED_SWIFT_STANDARD_LIBRARIES = YES;
				BUNDLE_LOADER = "$(TEST_HOST)";
				CODE_SIGN_STYLE = Automatic;
				CURRENT_PROJECT_VERSION = 1;
				DEVELOPMENT_TEAM = Y9QJ22KDW7;
				GENERATE_INFOPLIST_FILE = YES;
				IPHONEOS_DEPLOYMENT_TARGET = 15.5;
				MARKETING_VERSION = 1.0;
				PRODUCT_BUNDLE_IDENTIFIER = "L.Greeting-AppTests";
				PRODUCT_NAME = "$(TARGET_NAME)";
				SWIFT_EMIT_LOC_STRINGS = NO;
				SWIFT_VERSION = 5.0;
				TARGETED_DEVICE_FAMILY = "1,2";
				TEST_HOST = "$(BUILT_PRODUCTS_DIR)/Greeting App.app/Greeting App";
			};
			name = Release;
		};
		B608997828CFF766005489B0 /* Debug */ = {
			isa = XCBuildConfiguration;
			buildSettings = {
				ALWAYS_EMBED_SWIFT_STANDARD_LIBRARIES = YES;
				CODE_SIGN_STYLE = Automatic;
				CURRENT_PROJECT_VERSION = 1;
				DEVELOPMENT_TEAM = Y9QJ22KDW7;
				GENERATE_INFOPLIST_FILE = YES;
				MARKETING_VERSION = 1.0;
				PRODUCT_BUNDLE_IDENTIFIER = "L.Greeting-AppUITests";
				PRODUCT_NAME = "$(TARGET_NAME)";
				SWIFT_EMIT_LOC_STRINGS = NO;
				SWIFT_VERSION = 5.0;
				TARGETED_DEVICE_FAMILY = "1,2";
				TEST_TARGET_NAME = "Greeting App";
			};
			name = Debug;
		};
		B608997928CFF766005489B0 /* Release */ = {
			isa = XCBuildConfiguration;
			buildSettings = {
				ALWAYS_EMBED_SWIFT_STANDARD_LIBRARIES = YES;
				CODE_SIGN_STYLE = Automatic;
				CURRENT_PROJECT_VERSION = 1;
				DEVELOPMENT_TEAM = Y9QJ22KDW7;
				GENERATE_INFOPLIST_FILE = YES;
				MARKETING_VERSION = 1.0;
				PRODUCT_BUNDLE_IDENTIFIER = "L.Greeting-AppUITests";
				PRODUCT_NAME = "$(TARGET_NAME)";
				SWIFT_EMIT_LOC_STRINGS = NO;
				SWIFT_VERSION = 5.0;
				TARGETED_DEVICE_FAMILY = "1,2";
				TEST_TARGET_NAME = "Greeting App";
			};
			name = Release;
		};
/* End XCBuildConfiguration section */

/* Begin XCConfigurationList section */
		B608994828CFF763005489B0 /* Build configuration list for PBXProject "Greeting App" */ = {
			isa = XCConfigurationList;
			buildConfigurations = (
				B608996F28CFF766005489B0 /* Debug */,
				B608997028CFF766005489B0 /* Release */,
			);
			defaultConfigurationIsVisible = 0;
			defaultConfigurationName = Release;
		};
		B608997128CFF766005489B0 /* Build configuration list for PBXNativeTarget "Greeting App" */ = {
			isa = XCConfigurationList;
			buildConfigurations = (
				B608997228CFF766005489B0 /* Debug */,
				B608997328CFF766005489B0 /* Release */,
			);
			defaultConfigurationIsVisible = 0;
			defaultConfigurationName = Release;
		};
		B608997428CFF766005489B0 /* Build configuration list for PBXNativeTarget "Greeting AppTests" */ = {
			isa = XCConfigurationList;
			buildConfigurations = (
				B608997528CFF766005489B0 /* Debug */,
				B608997628CFF766005489B0 /* Release */,
			);
			defaultConfigurationIsVisible = 0;
			defaultConfigurationName = Release;
		};
		B608997728CFF766005489B0 /* Build configuration list for PBXNativeTarget "Greeting AppUITests" */ = {
			isa = XCConfigurationList;
			buildConfigurations = (
				B608997828CFF766005489B0 /* Debug */,
				B608997928CFF766005489B0 /* Release */,
			);
			defaultConfigurationIsVisible = 0;
			defaultConfigurationName = Release;
		};
/* End XCConfigurationList section */
	};
	rootObject = B608994528CFF763005489B0 /* Project object */;
}
